// !$*UTF8*$!
{
	archiveVersion = 1;
	classes = {
	};
	objectVersion = 46;
	objects = {

/* Begin PBXBuildFile section */
		89CC140E1C528319008A0AF7 /* main.m in Sources */ = {isa = PBXBuildFile; fileRef = 89CC140D1C528319008A0AF7 /* main.m */; };
		89CC14111C528319008A0AF7 /* AppDelegate.m in Sources */ = {isa = PBXBuildFile; fileRef = 89CC14101C528319008A0AF7 /* AppDelegate.m */; };
		89CC14141C528319008A0AF7 /* ViewController.m in Sources */ = {isa = PBXBuildFile; fileRef = 89CC14131C528319008A0AF7 /* ViewController.m */; };
		89CC14171C528319008A0AF7 /* Main.storyboard in Resources */ = {isa = PBXBuildFile; fileRef = 89CC14151C528319008A0AF7 /* Main.storyboard */; };
		89CC14191C528319008A0AF7 /* Assets.xcassets in Resources */ = {isa = PBXBuildFile; fileRef = 89CC14181C528319008A0AF7 /* Assets.xcassets */; };
		89CC141C1C528319008A0AF7 /* LaunchScreen.storyboard in Resources */ = {isa = PBXBuildFile; fileRef = 89CC141A1C528319008A0AF7 /* LaunchScreen.storyboard */; };
		89CC14271C528319008A0AF7 /* SNDrawerViewControllerTests.m in Sources */ = {isa = PBXBuildFile; fileRef = 89CC14261C528319008A0AF7 /* SNDrawerViewControllerTests.m */; };
		89CC14321C528319008A0AF7 /* SNDrawerViewControllerUITests.m in Sources */ = {isa = PBXBuildFile; fileRef = 89CC14311C528319008A0AF7 /* SNDrawerViewControllerUITests.m */; };
		89CC14451C5285B4008A0AF7 /* MainViewController.m in Sources */ = {isa = PBXBuildFile; fileRef = 89CC14441C5285B4008A0AF7 /* MainViewController.m */; };
		89CC14481C5285F1008A0AF7 /* LeftViewController.m in Sources */ = {isa = PBXBuildFile; fileRef = 89CC14471C5285F1008A0AF7 /* LeftViewController.m */; };
		89CC144B1C528600008A0AF7 /* RightViewController.m in Sources */ = {isa = PBXBuildFile; fileRef = 89CC144A1C528600008A0AF7 /* RightViewController.m */; };
		B368F7BE1EEFB23F00D536E8 /* 屏幕快照 2017-06-13 上午11.12.23.png in Resources */ = {isa = PBXBuildFile; fileRef = B368F7BD1EEFB23F00D536E8 /* 屏幕快照 2017-06-13 上午11.12.23.png */; };
		B38184981E9CD68800B411BA /* SNDrawer.m in Sources */ = {isa = PBXBuildFile; fileRef = B38184941E9CD68800B411BA /* SNDrawer.m */; };
		B38184991E9CD68800B411BA /* SNDrawerViewController.m in Sources */ = {isa = PBXBuildFile; fileRef = B38184971E9CD68800B411BA /* SNDrawerViewController.m */; };
/* End PBXBuildFile section */

/* Begin PBXContainerItemProxy section */
		89CC14231C528319008A0AF7 /* PBXContainerItemProxy */ = {
			isa = PBXContainerItemProxy;
			containerPortal = 89CC14011C528319008A0AF7 /* Project object */;
			proxyType = 1;
			remoteGlobalIDString = 89CC14081C528319008A0AF7;
			remoteInfo = SNDrawerViewController;
		};
		89CC142E1C528319008A0AF7 /* PBXContainerItemProxy */ = {
			isa = PBXContainerItemProxy;
			containerPortal = 89CC14011C528319008A0AF7 /* Project object */;
			proxyType = 1;
			remoteGlobalIDString = 89CC14081C528319008A0AF7;
			remoteInfo = SNDrawerViewController;
		};
/* End PBXContainerItemProxy section */

/* Begin PBXFileReference section */
		89CC14091C528319008A0AF7 /* SNDrawerViewController.app */ = {isa = PBXFileReference; explicitFileType = wrapper.application; includeInIndex = 0; path = SNDrawerViewController.app; sourceTree = BUILT_PRODUCTS_DIR; };
		89CC140D1C528319008A0AF7 /* main.m */ = {isa = PBXFileReference; lastKnownFileType = sourcecode.c.objc; path = main.m; sourceTree = "<group>"; };
		89CC140F1C528319008A0AF7 /* AppDelegate.h */ = {isa = PBXFileReference; lastKnownFileType = sourcecode.c.h; path = AppDelegate.h; sourceTree = "<group>"; };
		89CC14101C528319008A0AF7 /* AppDelegate.m */ = {isa = PBXFileReference; lastKnownFileType = sourcecode.c.objc; path = AppDelegate.m; sourceTree = "<group>"; };
		89CC14121C528319008A0AF7 /* ViewController.h */ = {isa = PBXFileReference; lastKnownFileType = sourcecode.c.h; path = ViewController.h; sourceTree = "<group>"; };
		89CC14131C528319008A0AF7 /* ViewController.m */ = {isa = PBXFileReference; lastKnownFileType = sourcecode.c.objc; path = ViewController.m; sourceTree = "<group>"; };
		89CC14161C528319008A0AF7 /* Base */ = {isa = PBXFileReference; lastKnownFileType = file.storyboard; name = Base; path = Base.lproj/Main.storyboard; sourceTree = "<group>"; };
		89CC14181C528319008A0AF7 /* Assets.xcassets */ = {isa = PBXFileReference; lastKnownFileType = folder.assetcatalog; path = Assets.xcassets; sourceTree = "<group>"; };
		89CC141B1C528319008A0AF7 /* Base */ = {isa = PBXFileReference; lastKnownFileType = file.storyboard; name = Base; path = Base.lproj/LaunchScreen.storyboard; sourceTree = "<group>"; };
		89CC141D1C528319008A0AF7 /* Info.plist */ = {isa = PBXFileReference; lastKnownFileType = text.plist.xml; path = Info.plist; sourceTree = "<group>"; };
		89CC14221C528319008A0AF7 /* SNDrawerViewControllerTests.xctest */ = {isa = PBXFileReference; explicitFileType = wrapper.cfbundle; includeInIndex = 0; path = SNDrawerViewControllerTests.xctest; sourceTree = BUILT_PRODUCTS_DIR; };
		89CC14261C528319008A0AF7 /* SNDrawerViewControllerTests.m */ = {isa = PBXFileReference; lastKnownFileType = sourcecode.c.objc; path = SNDrawerViewControllerTests.m; sourceTree = "<group>"; };
		89CC14281C528319008A0AF7 /* Info.plist */ = {isa = PBXFileReference; lastKnownFileType = text.plist.xml; path = Info.plist; sourceTree = "<group>"; };
		89CC142D1C528319008A0AF7 /* SNDrawerViewControllerUITests.xctest */ = {isa = PBXFileReference; explicitFileType = wrapper.cfbundle; includeInIndex = 0; path = SNDrawerViewControllerUITests.xctest; sourceTree = BUILT_PRODUCTS_DIR; };
		89CC14311C528319008A0AF7 /* SNDrawerViewControllerUITests.m */ = {isa = PBXFileReference; lastKnownFileType = sourcecode.c.objc; path = SNDrawerViewControllerUITests.m; sourceTree = "<group>"; };
		89CC14331C528319008A0AF7 /* Info.plist */ = {isa = PBXFileReference; lastKnownFileType = text.plist.xml; path = Info.plist; sourceTree = "<group>"; };
		89CC14431C5285B4008A0AF7 /* MainViewController.h */ = {isa = PBXFileReference; fileEncoding = 4; lastKnownFileType = sourcecode.c.h; path = MainViewController.h; sourceTree = "<group>"; };
		89CC14441C5285B4008A0AF7 /* MainViewController.m */ = {isa = PBXFileReference; fileEncoding = 4; lastKnownFileType = sourcecode.c.objc; path = MainViewController.m; sourceTree = "<group>"; };
		89CC14461C5285F1008A0AF7 /* LeftViewController.h */ = {isa = PBXFileReference; fileEncoding = 4; lastKnownFileType = sourcecode.c.h; path = LeftViewController.h; sourceTree = "<group>"; };
		89CC14471C5285F1008A0AF7 /* LeftViewController.m */ = {isa = PBXFileReference; fileEncoding = 4; lastKnownFileType = sourcecode.c.objc; path = LeftViewController.m; sourceTree = "<group>"; };
		89CC14491C528600008A0AF7 /* RightViewController.h */ = {isa = PBXFileReference; fileEncoding = 4; lastKnownFileType = sourcecode.c.h; path = RightViewController.h; sourceTree = "<group>"; };
		89CC144A1C528600008A0AF7 /* RightViewController.m */ = {isa = PBXFileReference; fileEncoding = 4; lastKnownFileType = sourcecode.c.objc; path = RightViewController.m; sourceTree = "<group>"; };
		B368F7BD1EEFB23F00D536E8 /* 屏幕快照 2017-06-13 上午11.12.23.png */ = {isa = PBXFileReference; lastKnownFileType = image.png; path = "屏幕快照 2017-06-13 上午11.12.23.png"; sourceTree = "<group>"; };
		B38184931E9CD68800B411BA /* SNDrawer.h */ = {isa = PBXFileReference; fileEncoding = 4; lastKnownFileType = sourcecode.c.h; path = SNDrawer.h; sourceTree = "<group>"; };
		B38184941E9CD68800B411BA /* SNDrawer.m */ = {isa = PBXFileReference; fileEncoding = 4; lastKnownFileType = sourcecode.c.objc; path = SNDrawer.m; sourceTree = "<group>"; };
		B38184951E9CD68800B411BA /* SNDrawerFramework.h */ = {isa = PBXFileReference; fileEncoding = 4; lastKnownFileType = sourcecode.c.h; path = SNDrawerFramework.h; sourceTree = "<group>"; };
		B38184961E9CD68800B411BA /* SNDrawerViewController.h */ = {isa = PBXFileReference; fileEncoding = 4; lastKnownFileType = sourcecode.c.h; path = SNDrawerViewController.h; sourceTree = "<group>"; };
		B38184971E9CD68800B411BA /* SNDrawerViewController.m */ = {isa = PBXFileReference; fileEncoding = 4; lastKnownFileType = sourcecode.c.objc; path = SNDrawerViewController.m; sourceTree = "<group>"; };
/* End PBXFileReference section */

/* Begin PBXFrameworksBuildPhase section */
		89CC14061C528319008A0AF7 /* Frameworks */ = {
			isa = PBXFrameworksBuildPhase;
			buildActionMask = 2147483647;
			files = (
			);
			runOnlyForDeploymentPostprocessing = 0;
		};
		89CC141F1C528319008A0AF7 /* Frameworks */ = {
			isa = PBXFrameworksBuildPhase;
			buildActionMask = 2147483647;
			files = (
			);
			runOnlyForDeploymentPostprocessing = 0;
		};
		89CC142A1C528319008A0AF7 /* Frameworks */ = {
			isa = PBXFrameworksBuildPhase;
			buildActionMask = 2147483647;
			files = (
			);
			runOnlyForDeploymentPostprocessing = 0;
		};
/* End PBXFrameworksBuildPhase section */

/* Begin PBXGroup section */
		89CC14001C528319008A0AF7 = {
			isa = PBXGroup;
			children = (
				89CC140B1C528319008A0AF7 /* SNDrawerViewController */,
				89CC14251C528319008A0AF7 /* SNDrawerViewControllerTests */,
				89CC14301C528319008A0AF7 /* SNDrawerViewControllerUITests */,
				89CC140A1C528319008A0AF7 /* Products */,
			);
			sourceTree = "<group>";
		};
		89CC140A1C528319008A0AF7 /* Products */ = {
			isa = PBXGroup;
			children = (
				89CC14091C528319008A0AF7 /* SNDrawerViewController.app */,
				89CC14221C528319008A0AF7 /* SNDrawerViewControllerTests.xctest */,
				89CC142D1C528319008A0AF7 /* SNDrawerViewControllerUITests.xctest */,
			);
			name = Products;
			sourceTree = "<group>";
		};
		89CC140B1C528319008A0AF7 /* SNDrawerViewController */ = {
			isa = PBXGroup;
			children = (
				89CC140F1C528319008A0AF7 /* AppDelegate.h */,
				89CC14101C528319008A0AF7 /* AppDelegate.m */,
				89CC143F1C5284CC008A0AF7 /* Drawers */,
				89CC14121C528319008A0AF7 /* ViewController.h */,
				89CC14131C528319008A0AF7 /* ViewController.m */,
				89CC14431C5285B4008A0AF7 /* MainViewController.h */,
				89CC14441C5285B4008A0AF7 /* MainViewController.m */,
				89CC14461C5285F1008A0AF7 /* LeftViewController.h */,
				89CC14471C5285F1008A0AF7 /* LeftViewController.m */,
				89CC14491C528600008A0AF7 /* RightViewController.h */,
				89CC144A1C528600008A0AF7 /* RightViewController.m */,
				89CC14151C528319008A0AF7 /* Main.storyboard */,
				89CC14181C528319008A0AF7 /* Assets.xcassets */,
				89CC141A1C528319008A0AF7 /* LaunchScreen.storyboard */,
				89CC141D1C528319008A0AF7 /* Info.plist */,
				B368F7BC1EEFB23800D536E8 /* Resources */,
				89CC140C1C528319008A0AF7 /* Supporting Files */,
			);
			path = SNDrawerViewController;
			sourceTree = "<group>";
		};
		89CC140C1C528319008A0AF7 /* Supporting Files */ = {
			isa = PBXGroup;
			children = (
				89CC140D1C528319008A0AF7 /* main.m */,
			);
			name = "Supporting Files";
			sourceTree = "<group>";
		};
		89CC14251C528319008A0AF7 /* SNDrawerViewControllerTests */ = {
			isa = PBXGroup;
			children = (
				89CC14261C528319008A0AF7 /* SNDrawerViewControllerTests.m */,
				89CC14281C528319008A0AF7 /* Info.plist */,
			);
			path = SNDrawerViewControllerTests;
			sourceTree = "<group>";
		};
		89CC14301C528319008A0AF7 /* SNDrawerViewControllerUITests */ = {
			isa = PBXGroup;
			children = (
				89CC14311C528319008A0AF7 /* SNDrawerViewControllerUITests.m */,
				89CC14331C528319008A0AF7 /* Info.plist */,
			);
			path = SNDrawerViewControllerUITests;
			sourceTree = "<group>";
		};
		89CC143F1C5284CC008A0AF7 /* Drawers */ = {
			isa = PBXGroup;
			children = (
				B38184931E9CD68800B411BA /* SNDrawer.h */,
				B38184941E9CD68800B411BA /* SNDrawer.m */,
				B38184951E9CD68800B411BA /* SNDrawerFramework.h */,
				B38184961E9CD68800B411BA /* SNDrawerViewController.h */,
				B38184971E9CD68800B411BA /* SNDrawerViewController.m */,
			);
			path = Drawers;
			sourceTree = "<group>";
		};
		B368F7BC1EEFB23800D536E8 /* Resources */ = {
			isa = PBXGroup;
			children = (
				B368F7BD1EEFB23F00D536E8 /* 屏幕快照 2017-06-13 上午11.12.23.png */,
			);
			path = Resources;
			sourceTree = "<group>";
		};
/* End PBXGroup section */

/* Begin PBXNativeTarget section */
		89CC14081C528319008A0AF7 /* SNDrawerViewController */ = {
			isa = PBXNativeTarget;
			buildConfigurationList = 89CC14361C528319008A0AF7 /* Build configuration list for PBXNativeTarget "SNDrawerViewController" */;
			buildPhases = (
				89CC14051C528319008A0AF7 /* Sources */,
				89CC14061C528319008A0AF7 /* Frameworks */,
				89CC14071C528319008A0AF7 /* Resources */,
			);
			buildRules = (
			);
			dependencies = (
			);
			name = SNDrawerViewController;
			productName = SNDrawerViewController;
			productReference = 89CC14091C528319008A0AF7 /* SNDrawerViewController.app */;
			productType = "com.apple.product-type.application";
		};
		89CC14211C528319008A0AF7 /* SNDrawerViewControllerTests */ = {
			isa = PBXNativeTarget;
			buildConfigurationList = 89CC14391C528319008A0AF7 /* Build configuration list for PBXNativeTarget "SNDrawerViewControllerTests" */;
			buildPhases = (
				89CC141E1C528319008A0AF7 /* Sources */,
				89CC141F1C528319008A0AF7 /* Frameworks */,
				89CC14201C528319008A0AF7 /* Resources */,
			);
			buildRules = (
			);
			dependencies = (
				89CC14241C528319008A0AF7 /* PBXTargetDependency */,
			);
			name = SNDrawerViewControllerTests;
			productName = SNDrawerViewControllerTests;
			productReference = 89CC14221C528319008A0AF7 /* SNDrawerViewControllerTests.xctest */;
			productType = "com.apple.product-type.bundle.unit-test";
		};
		89CC142C1C528319008A0AF7 /* SNDrawerViewControllerUITests */ = {
			isa = PBXNativeTarget;
			buildConfigurationList = 89CC143C1C528319008A0AF7 /* Build configuration list for PBXNativeTarget "SNDrawerViewControllerUITests" */;
			buildPhases = (
				89CC14291C528319008A0AF7 /* Sources */,
				89CC142A1C528319008A0AF7 /* Frameworks */,
				89CC142B1C528319008A0AF7 /* Resources */,
			);
			buildRules = (
			);
			dependencies = (
				89CC142F1C528319008A0AF7 /* PBXTargetDependency */,
			);
			name = SNDrawerViewControllerUITests;
			productName = SNDrawerViewControllerUITests;
			productReference = 89CC142D1C528319008A0AF7 /* SNDrawerViewControllerUITests.xctest */;
			productType = "com.apple.product-type.bundle.ui-testing";
		};
/* End PBXNativeTarget section */

/* Begin PBXProject section */
		89CC14011C528319008A0AF7 /* Project object */ = {
			isa = PBXProject;
			attributes = {
				LastUpgradeCheck = 0830;
				ORGANIZATIONNAME = snloveydus;
				TargetAttributes = {
					89CC14081C528319008A0AF7 = {
						CreatedOnToolsVersion = 7.1;
						DevelopmentTeam = 9577RV4AAN;
					};
					89CC14211C528319008A0AF7 = {
						CreatedOnToolsVersion = 7.1;
						DevelopmentTeam = 9577RV4AAN;
						TestTargetID = 89CC14081C528319008A0AF7;
					};
					89CC142C1C528319008A0AF7 = {
						CreatedOnToolsVersion = 7.1;
						DevelopmentTeam = 9577RV4AAN;
						TestTargetID = 89CC14081C528319008A0AF7;
					};
				};
			};
			buildConfigurationList = 89CC14041C528319008A0AF7 /* Build configuration list for PBXProject "SNDrawerViewController" */;
			compatibilityVersion = "Xcode 3.2";
			developmentRegion = English;
			hasScannedForEncodings = 0;
			knownRegions = (
				en,
				Base,
			);
			mainGroup = 89CC14001C528319008A0AF7;
			productRefGroup = 89CC140A1C528319008A0AF7 /* Products */;
			projectDirPath = "";
			projectRoot = "";
			targets = (
				89CC14081C528319008A0AF7 /* SNDrawerViewController */,
				89CC14211C528319008A0AF7 /* SNDrawerViewControllerTests */,
				89CC142C1C528319008A0AF7 /* SNDrawerViewControllerUITests */,
			);
		};
/* End PBXProject section */

/* Begin PBXResourcesBuildPhase section */
		89CC14071C528319008A0AF7 /* Resources */ = {
			isa = PBXResourcesBuildPhase;
			buildActionMask = 2147483647;
			files = (
				89CC141C1C528319008A0AF7 /* LaunchScreen.storyboard in Resources */,
				B368F7BE1EEFB23F00D536E8 /* 屏幕快照 2017-06-13 上午11.12.23.png in Resources */,
				89CC14191C528319008A0AF7 /* Assets.xcassets in Resources */,
				89CC14171C528319008A0AF7 /* Main.storyboard in Resources */,
			);
			runOnlyForDeploymentPostprocessing = 0;
		};
		89CC14201C528319008A0AF7 /* Resources */ = {
			isa = PBXResourcesBuildPhase;
			buildActionMask = 2147483647;
			files = (
			);
			runOnlyForDeploymentPostprocessing = 0;
		};
		89CC142B1C528319008A0AF7 /* Resources */ = {
			isa = PBXResourcesBuildPhase;
			buildActionMask = 2147483647;
			files = (
			);
			runOnlyForDeploymentPostprocessing = 0;
		};
/* End PBXResourcesBuildPhase section */

/* Begin PBXSourcesBuildPhase section */
		89CC14051C528319008A0AF7 /* Sources */ = {
			isa = PBXSourcesBuildPhase;
			buildActionMask = 2147483647;
			files = (
				B38184991E9CD68800B411BA /* SNDrawerViewController.m in Sources */,
				89CC144B1C528600008A0AF7 /* RightViewController.m in Sources */,
				89CC14141C528319008A0AF7 /* ViewController.m in Sources */,
				89CC14111C528319008A0AF7 /* AppDelegate.m in Sources */,
				89CC14481C5285F1008A0AF7 /* LeftViewController.m in Sources */,
				89CC14451C5285B4008A0AF7 /* MainViewController.m in Sources */,
				89CC140E1C528319008A0AF7 /* main.m in Sources */,
				B38184981E9CD68800B411BA /* SNDrawer.m in Sources */,
			);
			runOnlyForDeploymentPostprocessing = 0;
		};
		89CC141E1C528319008A0AF7 /* Sources */ = {
			isa = PBXSourcesBuildPhase;
			buildActionMask = 2147483647;
			files = (
				89CC14271C528319008A0AF7 /* SNDrawerViewControllerTests.m in Sources */,
			);
			runOnlyForDeploymentPostprocessing = 0;
		};
		89CC14291C528319008A0AF7 /* Sources */ = {
			isa = PBXSourcesBuildPhase;
			buildActionMask = 2147483647;
			files = (
				89CC14321C528319008A0AF7 /* SNDrawerViewControllerUITests.m in Sources */,
			);
			runOnlyForDeploymentPostprocessing = 0;
		};
/* End PBXSourcesBuildPhase section */

/* Begin PBXTargetDependency section */
		89CC14241C528319008A0AF7 /* PBXTargetDependency */ = {
			isa = PBXTargetDependency;
			target = 89CC14081C528319008A0AF7 /* SNDrawerViewController */;
			targetProxy = 89CC14231C528319008A0AF7 /* PBXContainerItemProxy */;
		};
		89CC142F1C528319008A0AF7 /* PBXTargetDependency */ = {
			isa = PBXTargetDependency;
			target = 89CC14081C528319008A0AF7 /* SNDrawerViewController */;
			targetProxy = 89CC142E1C528319008A0AF7 /* PBXContainerItemProxy */;
		};
/* End PBXTargetDependency section */

/* Begin PBXVariantGroup section */
		89CC14151C528319008A0AF7 /* Main.storyboard */ = {
			isa = PBXVariantGroup;
			children = (
				89CC14161C528319008A0AF7 /* Base */,
			);
			name = Main.storyboard;
			sourceTree = "<group>";
		};
		89CC141A1C528319008A0AF7 /* LaunchScreen.storyboard */ = {
			isa = PBXVariantGroup;
			children = (
				89CC141B1C528319008A0AF7 /* Base */,
			);
			name = LaunchScreen.storyboard;
			sourceTree = "<group>";
		};
/* End PBXVariantGroup section */

/* Begin XCBuildConfiguration section */
		89CC14341C528319008A0AF7 /* Debug */ = {
			isa = XCBuildConfiguration;
			buildSettings = {
				ALWAYS_SEARCH_USER_PATHS = NO;
				CLANG_CXX_LANGUAGE_STANDARD = "gnu++0x";
				CLANG_CXX_LIBRARY = "libc++";
				CLANG_ENABLE_MODULES = YES;
				CLANG_ENABLE_OBJC_ARC = YES;
				CLANG_WARN_BOOL_CONVERSION = YES;
				CLANG_WARN_CONSTANT_CONVERSION = YES;
				CLANG_WARN_DIRECT_OBJC_ISA_USAGE = YES_ERROR;
				CLANG_WARN_EMPTY_BODY = YES;
				CLANG_WARN_ENUM_CONVERSION = YES;
				CLANG_WARN_INFINITE_RECURSION = YES;
				CLANG_WARN_INT_CONVERSION = YES;
				CLANG_WARN_OBJC_ROOT_CLASS = YES_ERROR;
				CLANG_WARN_SUSPICIOUS_MOVE = YES;
				CLANG_WARN_UNREACHABLE_CODE = YES;
				CLANG_WARN__DUPLICATE_METHOD_MATCH = YES;
				"CODE_SIGN_IDENTITY[sdk=iphoneos*]" = "iPhone Developer";
				COPY_PHASE_STRIP = NO;
				DEBUG_INFORMATION_FORMAT = dwarf;
				ENABLE_STRICT_OBJC_MSGSEND = YES;
				ENABLE_TESTABILITY = YES;
				GCC_C_LANGUAGE_STANDARD = gnu99;
				GCC_DYNAMIC_NO_PIC = NO;
				GCC_NO_COMMON_BLOCKS = YES;
				GCC_OPTIMIZATION_LEVEL = 0;
				GCC_PREPROCESSOR_DEFINITIONS = (
					"DEBUG=1",
					"$(inherited)",
				);
				GCC_WARN_64_TO_32_BIT_CONVERSION = YES;
				GCC_WARN_ABOUT_RETURN_TYPE = YES_ERROR;
				GCC_WARN_UNDECLARED_SELECTOR = YES;
				GCC_WARN_UNINITIALIZED_AUTOS = YES_AGGRESSIVE;
				GCC_WARN_UNUSED_FUNCTION = YES;
				GCC_WARN_UNUSED_VARIABLE = YES;
				IPHONEOS_DEPLOYMENT_TARGET = 8.0;
				MTL_ENABLE_DEBUG_INFO = YES;
				ONLY_ACTIVE_ARCH = YES;
				SDKROOT = iphoneos;
				TARGETED_DEVICE_FAMILY = "1,2";
			};
			name = Debug;
		};
		89CC14351C528319008A0AF7 /* Release */ = {
			isa = XCBuildConfiguration;
			buildSettings = {
				ALWAYS_SEARCH_USER_PATHS = NO;
				CLANG_CXX_LANGUAGE_STANDARD = "gnu++0x";
				CLANG_CXX_LIBRARY = "libc++";
				CLANG_ENABLE_MODULES = YES;
				CLANG_ENABLE_OBJC_ARC = YES;
				CLANG_WARN_BOOL_CONVERSION = YES;
				CLANG_WARN_CONSTANT_CONVERSION = YES;
				CLANG_WARN_DIRECT_OBJC_ISA_USAGE = YES_ERROR;
				CLANG_WARN_EMPTY_BODY = YES;
				CLANG_WARN_ENUM_CONVERSION = YES;
				CLANG_WARN_INFINITE_RECURSION = YES;
				CLANG_WARN_INT_CONVERSION = YES;
				CLANG_WARN_OBJC_ROOT_CLASS = YES_ERROR;
				CLANG_WARN_SUSPICIOUS_MOVE = YES;
				CLANG_WARN_UNREACHABLE_CODE = YES;
				CLANG_WARN__DUPLICATE_METHOD_MATCH = YES;
				"CODE_SIGN_IDENTITY[sdk=iphoneos*]" = "iPhone Developer";
				COPY_PHASE_STRIP = NO;
				DEBUG_INFORMATION_FORMAT = "dwarf-with-dsym";
				ENABLE_NS_ASSERTIONS = NO;
				ENABLE_STRICT_OBJC_MSGSEND = YES;
				GCC_C_LANGUAGE_STANDARD = gnu99;
				GCC_NO_COMMON_BLOCKS = YES;
				GCC_WARN_64_TO_32_BIT_CONVERSION = YES;
				GCC_WARN_ABOUT_RETURN_TYPE = YES_ERROR;
				GCC_WARN_UNDECLARED_SELECTOR = YES;
				GCC_WARN_UNINITIALIZED_AUTOS = YES_AGGRESSIVE;
				GCC_WARN_UNUSED_FUNCTION = YES;
				GCC_WARN_UNUSED_VARIABLE = YES;
				IPHONEOS_DEPLOYMENT_TARGET = 8.0;
				MTL_ENABLE_DEBUG_INFO = NO;
				SDKROOT = iphoneos;
				TARGETED_DEVICE_FAMILY = "1,2";
				VALIDATE_PRODUCT = YES;
			};
			name = Release;
		};
		89CC14371C528319008A0AF7 /* Debug */ = {
			isa = XCBuildConfiguration;
			buildSettings = {
				ASSETCATALOG_COMPILER_APPICON_NAME = AppIcon;
				INFOPLIST_FILE = SNDrawerViewController/Info.plist;
				IPHONEOS_DEPLOYMENT_TARGET = 8.0;
				LD_RUNPATH_SEARCH_PATHS = "$(inherited) @executable_path/Frameworks";
				PRODUCT_BUNDLE_IDENTIFIER = SNLO.SNDrawerViewController;
				PRODUCT_NAME = "$(TARGET_NAME)";
			};
			name = Debug;
		};
		89CC14381C528319008A0AF7 /* Release */ = {
			isa = XCBuildConfiguration;
			buildSettings = {
				ASSETCATALOG_COMPILER_APPICON_NAME = AppIcon;
				INFOPLIST_FILE = SNDrawerViewController/Info.plist;
				IPHONEOS_DEPLOYMENT_TARGET = 8.0;
				LD_RUNPATH_SEARCH_PATHS = "$(inherited) @executable_path/Frameworks";
				PRODUCT_BUNDLE_IDENTIFIER = SNLO.SNDrawerViewController;
				PRODUCT_NAME = "$(TARGET_NAME)";
			};
			name = Release;
		};
		89CC143A1C528319008A0AF7 /* Debug */ = {
			isa = XCBuildConfiguration;
			buildSettings = {
				BUNDLE_LOADER = "$(TEST_HOST)";
				INFOPLIST_FILE = SNDrawerViewControllerTests/Info.plist;
				LD_RUNPATH_SEARCH_PATHS = "$(inherited) @executable_path/Frameworks @loader_path/Frameworks";
				PRODUCT_BUNDLE_IDENTIFIER = SNLO.SNDrawerViewControllerTests;
				PRODUCT_NAME = "$(TARGET_NAME)";
				TEST_HOST = "$(BUILT_PRODUCTS_DIR)/SNDrawerViewController.app/SNDrawerViewController";
			};
			name = Debug;
		};
		89CC143B1C528319008A0AF7 /* Release */ = {
			isa = XCBuildConfiguration;
			buildSettings = {
				BUNDLE_LOADER = "$(TEST_HOST)";
				INFOPLIST_FILE = SNDrawerViewControllerTests/Info.plist;
				LD_RUNPATH_SEARCH_PATHS = "$(inherited) @executable_path/Frameworks @loader_path/Frameworks";
				PRODUCT_BUNDLE_IDENTIFIER = SNLO.SNDrawerViewControllerTests;
				PRODUCT_NAME = "$(TARGET_NAME)";
				TEST_HOST = "$(BUILT_PRODUCTS_DIR)/SNDrawerViewController.app/SNDrawerViewController";
			};
			name = Release;
		};
		89CC143D1C528319008A0AF7 /* Debug */ = {
			isa = XCBuildConfiguration;
			buildSettings = {
				INFOPLIST_FILE = SNDrawerViewControllerUITests/Info.plist;
				LD_RUNPATH_SEARCH_PATHS = "$(inherited) @executable_path/Frameworks @loader_path/Frameworks";
				PRODUCT_BUNDLE_IDENTIFIER = SNLO.SNDrawerViewControllerUITests;
				PRODUCT_NAME = "$(TARGET_NAME)";
				TEST_TARGET_NAME = SNDrawerViewController;
				USES_XCTRUNNER = YES;
			};
			name = Debug;
		};
		89CC143E1C528319008A0AF7 /* Release */ = {
			isa = XCBuildConfiguration;
			buildSettings = {
				INFOPLIST_FILE = SNDrawerViewControllerUITests/Info.plist;
				LD_RUNPATH_SEARCH_PATHS = "$(inherited) @executable_path/Frameworks @loader_path/Frameworks";
				PRODUCT_BUNDLE_IDENTIFIER = SNLO.SNDrawerViewControllerUITests;
				PRODUCT_NAME = "$(TARGET_NAME)";
				TEST_TARGET_NAME = SNDrawerViewController;
				USES_XCTRUNNER = YES;
			};
			name = Release;
		};
/* End XCBuildConfiguration section */

/* Begin XCConfigurationList section */
		89CC14041C528319008A0AF7 /* Build configuration list for PBXProject "SNDrawerViewController" */ = {
			isa = XCConfigurationList;
			buildConfigurations = (
				89CC14341C528319008A0AF7 /* Debug */,
				89CC14351C528319008A0AF7 /* Release */,
			);
			defaultConfigurationIsVisible = 0;
			defaultConfigurationName = Release;
		};
		89CC14361C528319008A0AF7 /* Build configuration list for PBXNativeTarget "SNDrawerViewController" */ = {
			isa = XCConfigurationList;
			buildConfigurations = (
				89CC14371C528319008A0AF7 /* Debug */,
				89CC14381C528319008A0AF7 /* Release */,
			);
			defaultConfigurationIsVisible = 0;
			defaultConfigurationName = Release;
		};
		89CC14391C528319008A0AF7 /* Build configuration list for PBXNativeTarget "SNDrawerViewControllerTests" */ = {
			isa = XCConfigurationList;
			buildConfigurations = (
				89CC143A1C528319008A0AF7 /* Debug */,
				89CC143B1C528319008A0AF7 /* Release */,
			);
			defaultConfigurationIsVisible = 0;
			defaultConfigurationName = Release;
		};
		89CC143C1C528319008A0AF7 /* Build configuration list for PBXNativeTarget "SNDrawerViewControllerUITests" */ = {
			isa = XCConfigurationList;
			buildConfigurations = (
				89CC143D1C528319008A0AF7 /* Debug */,
				89CC143E1C528319008A0AF7 /* Release */,
			);
			defaultConfigurationIsVisible = 0;
			defaultConfigurationName = Release;
		};
/* End XCConfigurationList section */
	};
	rootObject = 89CC14011C528319008A0AF7 /* Project object */;
}
